// !$*UTF8*$!
{
	archiveVersion = 1;
	classes = {
	};
	objectVersion = 56;
	objects = {

/* Begin PBXBuildFile section */
		87919D502B687D5100D697E7 /* PageViewController.swift in Sources */ = {isa = PBXBuildFile; fileRef = 87919D4F2B687D5100D697E7 /* PageViewController.swift */; };
		87919D522B68804E00D697E7 /* FeatureCard.swift in Sources */ = {isa = PBXBuildFile; fileRef = 87919D512B68804E00D697E7 /* FeatureCard.swift */; };
		87919D542B68816B00D697E7 /* PageView.swift in Sources */ = {isa = PBXBuildFile; fileRef = 87919D532B68816B00D697E7 /* PageView.swift */; };
		87919D562B6886D800D697E7 /* PageControl.swift in Sources */ = {isa = PBXBuildFile; fileRef = 87919D552B6886D800D697E7 /* PageControl.swift */; };
		87BB3A3C2B63CA9B0094B8E5 /* Study4SwiftUIApp.swift in Sources */ = {isa = PBXBuildFile; fileRef = 87BB3A3B2B63CA9B0094B8E5 /* Study4SwiftUIApp.swift */; };
		87BB3A3E2B63CA9B0094B8E5 /* ContentView.swift in Sources */ = {isa = PBXBuildFile; fileRef = 87BB3A3D2B63CA9B0094B8E5 /* ContentView.swift */; };
		87BB3A402B63CA9C0094B8E5 /* Assets.xcassets in Resources */ = {isa = PBXBuildFile; fileRef = 87BB3A3F2B63CA9C0094B8E5 /* Assets.xcassets */; };
		87BB3A432B63CA9C0094B8E5 /* Preview Assets.xcassets in Resources */ = {isa = PBXBuildFile; fileRef = 87BB3A422B63CA9C0094B8E5 /* Preview Assets.xcassets */; };
		87DD24E12B672E49003CE06C /* CircleImage.swift in Sources */ = {isa = PBXBuildFile; fileRef = 87DD24E02B672E49003CE06C /* CircleImage.swift */; };
		87DD24E32B672FDD003CE06C /* MapView.swift in Sources */ = {isa = PBXBuildFile; fileRef = 87DD24E22B672FDD003CE06C /* MapView.swift */; };
		87DD24E52B6738E0003CE06C /* landmarkData.json in Resources */ = {isa = PBXBuildFile; fileRef = 87DD24E42B6738E0003CE06C /* landmarkData.json */; };
		87DD24E72B673927003CE06C /* Landmark.swift in Sources */ = {isa = PBXBuildFile; fileRef = 87DD24E62B673927003CE06C /* Landmark.swift */; };
		87DD24E92B673B12003CE06C /* ModelData.swift in Sources */ = {isa = PBXBuildFile; fileRef = 87DD24E82B673B12003CE06C /* ModelData.swift */; };
		87DD24F02B6743F8003CE06C /* LandmarkList.swift in Sources */ = {isa = PBXBuildFile; fileRef = 87DD24EF2B6743F8003CE06C /* LandmarkList.swift */; };
		87DD24F22B6745D9003CE06C /* LandmarkDetail.swift in Sources */ = {isa = PBXBuildFile; fileRef = 87DD24F12B6745D9003CE06C /* LandmarkDetail.swift */; };
		87DD24F42B676BCE003CE06C /* FavoriteButton.swift in Sources */ = {isa = PBXBuildFile; fileRef = 87DD24F32B676BCE003CE06C /* FavoriteButton.swift */; };
		87DD24F72B676E53003CE06C /* LandmarkRow.swift in Sources */ = {isa = PBXBuildFile; fileRef = 87DD24F62B676E53003CE06C /* LandmarkRow.swift */; };
		87DD24FA2B6777EC003CE06C /* HexagonParameters.swift in Sources */ = {isa = PBXBuildFile; fileRef = 87DD24F92B6777EC003CE06C /* HexagonParameters.swift */; };
		87DD24FC2B6778D4003CE06C /* BadgeBackground.swift in Sources */ = {isa = PBXBuildFile; fileRef = 87DD24FB2B6778D4003CE06C /* BadgeBackground.swift */; };
		87DD24FE2B677B2F003CE06C /* BadgeSymbol.swift in Sources */ = {isa = PBXBuildFile; fileRef = 87DD24FD2B677B2F003CE06C /* BadgeSymbol.swift */; };
		87DD25002B677C34003CE06C /* RotatedBadgeSymbol.swift in Sources */ = {isa = PBXBuildFile; fileRef = 87DD24FF2B677C34003CE06C /* RotatedBadgeSymbol.swift */; };
		87DD25022B677C70003CE06C /* Badge.swift in Sources */ = {isa = PBXBuildFile; fileRef = 87DD25012B677C70003CE06C /* Badge.swift */; };
		87DD25052B677F1F003CE06C /* hikeData.json in Resources */ = {isa = PBXBuildFile; fileRef = 87DD25042B677F1F003CE06C /* hikeData.json */; };
		87DD25072B677F44003CE06C /* Hike.swift in Sources */ = {isa = PBXBuildFile; fileRef = 87DD25062B677F44003CE06C /* Hike.swift */; };
		87DD250F2B678154003CE06C /* GraphCapsule.swift in Sources */ = {isa = PBXBuildFile; fileRef = 87DD250B2B678154003CE06C /* GraphCapsule.swift */; };
		87DD25102B678154003CE06C /* HikeGraph.swift in Sources */ = {isa = PBXBuildFile; fileRef = 87DD250C2B678154003CE06C /* HikeGraph.swift */; };
		87DD25112B678154003CE06C /* HikeDetail.swift in Sources */ = {isa = PBXBuildFile; fileRef = 87DD250D2B678154003CE06C /* HikeDetail.swift */; };
		87DD25122B678154003CE06C /* HikeView.swift in Sources */ = {isa = PBXBuildFile; fileRef = 87DD250E2B678154003CE06C /* HikeView.swift */; };
		87DD25152B678A0C003CE06C /* CategoryHome.swift in Sources */ = {isa = PBXBuildFile; fileRef = 87DD25142B678A0C003CE06C /* CategoryHome.swift */; };
		87DD25172B678BB7003CE06C /* CategoryRow.swift in Sources */ = {isa = PBXBuildFile; fileRef = 87DD25162B678BB7003CE06C /* CategoryRow.swift */; };
		87DD25192B678E31003CE06C /* CategoryItem.swift in Sources */ = {isa = PBXBuildFile; fileRef = 87DD25182B678E31003CE06C /* CategoryItem.swift */; };
		87DD251B2B679713003CE06C /* Profile.swift in Sources */ = {isa = PBXBuildFile; fileRef = 87DD251A2B679713003CE06C /* Profile.swift */; };
		87DD251E2B67977C003CE06C /* ProfileHost.swift in Sources */ = {isa = PBXBuildFile; fileRef = 87DD251D2B67977C003CE06C /* ProfileHost.swift */; };
		87DD25202B6797D7003CE06C /* ProfileSummary.swift in Sources */ = {isa = PBXBuildFile; fileRef = 87DD251F2B6797D7003CE06C /* ProfileSummary.swift */; };
		87DD25222B679919003CE06C /* HikleBadge.swift in Sources */ = {isa = PBXBuildFile; fileRef = 87DD25212B679919003CE06C /* HikleBadge.swift */; };
		87DD25242B679D4D003CE06C /* ProfileEditor.swift in Sources */ = {isa = PBXBuildFile; fileRef = 87DD25232B679D4D003CE06C /* ProfileEditor.swift */; };
/* End PBXBuildFile section */

/* Begin PBXFileReference section */
		87919D4F2B687D5100D697E7 /* PageViewController.swift */ = {isa = PBXFileReference; lastKnownFileType = sourcecode.swift; path = PageViewController.swift; sourceTree = "<group>"; };
		87919D512B68804E00D697E7 /* FeatureCard.swift */ = {isa = PBXFileReference; lastKnownFileType = sourcecode.swift; path = FeatureCard.swift; sourceTree = "<group>"; };
		87919D532B68816B00D697E7 /* PageView.swift */ = {isa = PBXFileReference; lastKnownFileType = sourcecode.swift; path = PageView.swift; sourceTree = "<group>"; };
		87919D552B6886D800D697E7 /* PageControl.swift */ = {isa = PBXFileReference; lastKnownFileType = sourcecode.swift; path = PageControl.swift; sourceTree = "<group>"; };
		87BB3A382B63CA9B0094B8E5 /* Study4SwiftUI.app */ = {isa = PBXFileReference; explicitFileType = wrapper.application; includeInIndex = 0; path = Study4SwiftUI.app; sourceTree = BUILT_PRODUCTS_DIR; };
		87BB3A3B2B63CA9B0094B8E5 /* Study4SwiftUIApp.swift */ = {isa = PBXFileReference; lastKnownFileType = sourcecode.swift; path = Study4SwiftUIApp.swift; sourceTree = "<group>"; };
		87BB3A3D2B63CA9B0094B8E5 /* ContentView.swift */ = {isa = PBXFileReference; lastKnownFileType = sourcecode.swift; path = ContentView.swift; sourceTree = "<group>"; };
		87BB3A3F2B63CA9C0094B8E5 /* Assets.xcassets */ = {isa = PBXFileReference; lastKnownFileType = folder.assetcatalog; path = Assets.xcassets; sourceTree = "<group>"; };
		87BB3A422B63CA9C0094B8E5 /* Preview Assets.xcassets */ = {isa = PBXFileReference; lastKnownFileType = folder.assetcatalog; path = "Preview Assets.xcassets"; sourceTree = "<group>"; };
		87DD24E02B672E49003CE06C /* CircleImage.swift */ = {isa = PBXFileReference; lastKnownFileType = sourcecode.swift; path = CircleImage.swift; sourceTree = "<group>"; };
		87DD24E22B672FDD003CE06C /* MapView.swift */ = {isa = PBXFileReference; lastKnownFileType = sourcecode.swift; path = MapView.swift; sourceTree = "<group>"; };
		87DD24E42B6738E0003CE06C /* landmarkData.json */ = {isa = PBXFileReference; fileEncoding = 4; lastKnownFileType = text.json; path = landmarkData.json; sourceTree = "<group>"; };
		87DD24E62B673927003CE06C /* Landmark.swift */ = {isa = PBXFileReference; lastKnownFileType = sourcecode.swift; path = Landmark.swift; sourceTree = "<group>"; };
		87DD24E82B673B12003CE06C /* ModelData.swift */ = {isa = PBXFileReference; lastKnownFileType = sourcecode.swift; path = ModelData.swift; sourceTree = "<group>"; };
		87DD24EF2B6743F8003CE06C /* LandmarkList.swift */ = {isa = PBXFileReference; lastKnownFileType = sourcecode.swift; path = LandmarkList.swift; sourceTree = "<group>"; };
		87DD24F12B6745D9003CE06C /* LandmarkDetail.swift */ = {isa = PBXFileReference; lastKnownFileType = sourcecode.swift; path = LandmarkDetail.swift; sourceTree = "<group>"; };
		87DD24F32B676BCE003CE06C /* FavoriteButton.swift */ = {isa = PBXFileReference; lastKnownFileType = sourcecode.swift; path = FavoriteButton.swift; sourceTree = "<group>"; };
		87DD24F62B676E53003CE06C /* LandmarkRow.swift */ = {isa = PBXFileReference; lastKnownFileType = sourcecode.swift; path = LandmarkRow.swift; sourceTree = "<group>"; };
		87DD24F92B6777EC003CE06C /* HexagonParameters.swift */ = {isa = PBXFileReference; lastKnownFileType = sourcecode.swift; path = HexagonParameters.swift; sourceTree = "<group>"; };
		87DD24FB2B6778D4003CE06C /* BadgeBackground.swift */ = {isa = PBXFileReference; lastKnownFileType = sourcecode.swift; name = BadgeBackground.swift; path = Study4SwiftUI/Views/Badges/BadgeBackground.swift; sourceTree = SOURCE_ROOT; };
		87DD24FD2B677B2F003CE06C /* BadgeSymbol.swift */ = {isa = PBXFileReference; lastKnownFileType = sourcecode.swift; path = BadgeSymbol.swift; sourceTree = "<group>"; };
		87DD24FF2B677C34003CE06C /* RotatedBadgeSymbol.swift */ = {isa = PBXFileReference; lastKnownFileType = sourcecode.swift; path = RotatedBadgeSymbol.swift; sourceTree = "<group>"; };
		87DD25012B677C70003CE06C /* Badge.swift */ = {isa = PBXFileReference; lastKnownFileType = sourcecode.swift; path = Badge.swift; sourceTree = "<group>"; };
		87DD25042B677F1F003CE06C /* hikeData.json */ = {isa = PBXFileReference; fileEncoding = 4; lastKnownFileType = text.json; path = hikeData.json; sourceTree = "<group>"; };
		87DD25062B677F44003CE06C /* Hike.swift */ = {isa = PBXFileReference; lastKnownFileType = sourcecode.swift; name = Hike.swift; path = Study4SwiftUI/Resources/Hike.swift; sourceTree = SOURCE_ROOT; };
		87DD250B2B678154003CE06C /* GraphCapsule.swift */ = {isa = PBXFileReference; fileEncoding = 4; lastKnownFileType = sourcecode.swift; path = GraphCapsule.swift; sourceTree = "<group>"; };
		87DD250C2B678154003CE06C /* HikeGraph.swift */ = {isa = PBXFileReference; fileEncoding = 4; lastKnownFileType = sourcecode.swift; path = HikeGraph.swift; sourceTree = "<group>"; };
		87DD250D2B678154003CE06C /* HikeDetail.swift */ = {isa = PBXFileReference; fileEncoding = 4; lastKnownFileType = sourcecode.swift; path = HikeDetail.swift; sourceTree = "<group>"; };
		87DD250E2B678154003CE06C /* HikeView.swift */ = {isa = PBXFileReference; fileEncoding = 4; lastKnownFileType = sourcecode.swift; path = HikeView.swift; sourceTree = "<group>"; };
		87DD25142B678A0C003CE06C /* CategoryHome.swift */ = {isa = PBXFileReference; lastKnownFileType = sourcecode.swift; path = CategoryHome.swift; sourceTree = "<group>"; };
		87DD25162B678BB7003CE06C /* CategoryRow.swift */ = {isa = PBXFileReference; lastKnownFileType = sourcecode.swift; path = CategoryRow.swift; sourceTree = "<group>"; };
		87DD25182B678E31003CE06C /* CategoryItem.swift */ = {isa = PBXFileReference; lastKnownFileType = sourcecode.swift; path = CategoryItem.swift; sourceTree = "<group>"; };
		87DD251A2B679713003CE06C /* Profile.swift */ = {isa = PBXFileReference; lastKnownFileType = sourcecode.swift; path = Profile.swift; sourceTree = "<group>"; };
		87DD251D2B67977C003CE06C /* ProfileHost.swift */ = {isa = PBXFileReference; lastKnownFileType = sourcecode.swift; path = ProfileHost.swift; sourceTree = "<group>"; };
		87DD251F2B6797D7003CE06C /* ProfileSummary.swift */ = {isa = PBXFileReference; lastKnownFileType = sourcecode.swift; path = ProfileSummary.swift; sourceTree = "<group>"; };
		87DD25212B679919003CE06C /* HikleBadge.swift */ = {isa = PBXFileReference; lastKnownFileType = sourcecode.swift; path = HikleBadge.swift; sourceTree = "<group>"; };
		87DD25232B679D4D003CE06C /* ProfileEditor.swift */ = {isa = PBXFileReference; lastKnownFileType = sourcecode.swift; path = ProfileEditor.swift; sourceTree = "<group>"; };
/* End PBXFileReference section */

/* Begin PBXFrameworksBuildPhase section */
		87BB3A352B63CA9B0094B8E5 /* Frameworks */ = {
			isa = PBXFrameworksBuildPhase;
			buildActionMask = 2147483647;
			files = (
			);
			runOnlyForDeploymentPostprocessing = 0;
		};
/* End PBXFrameworksBuildPhase section */

/* Begin PBXGroup section */
		87919D4E2B687D2000D697E7 /* PageView */ = {
			isa = PBXGroup;
			children = (
				87919D4F2B687D5100D697E7 /* PageViewController.swift */,
				87919D512B68804E00D697E7 /* FeatureCard.swift */,
				87919D532B68816B00D697E7 /* PageView.swift */,
				87919D552B6886D800D697E7 /* PageControl.swift */,
			);
			path = PageView;
			sourceTree = "<group>";
		};
		87BB3A2F2B63CA9B0094B8E5 = {
			isa = PBXGroup;
			children = (
				87BB3A3A2B63CA9B0094B8E5 /* Study4SwiftUI */,
				87BB3A392B63CA9B0094B8E5 /* Products */,
			);
			sourceTree = "<group>";
		};
		87BB3A392B63CA9B0094B8E5 /* Products */ = {
			isa = PBXGroup;
			children = (
				87BB3A382B63CA9B0094B8E5 /* Study4SwiftUI.app */,
			);
			name = Products;
			sourceTree = "<group>";
		};
		87BB3A3A2B63CA9B0094B8E5 /* Study4SwiftUI */ = {
			isa = PBXGroup;
			children = (
				87BB3A3B2B63CA9B0094B8E5 /* Study4SwiftUIApp.swift */,
				87BB3A3D2B63CA9B0094B8E5 /* ContentView.swift */,
				87DD24EA2B673D40003CE06C /* Views */,
				87DD24F82B676E95003CE06C /* Helper */,
				87DD24EB2B673DA1003CE06C /* Model */,
				87DD24EC2B673DE4003CE06C /* Resources */,
				87BB3A3F2B63CA9C0094B8E5 /* Assets.xcassets */,
				87BB3A412B63CA9C0094B8E5 /* Preview Content */,
			);
			path = Study4SwiftUI;
			sourceTree = "<group>";
		};
		87BB3A412B63CA9C0094B8E5 /* Preview Content */ = {
			isa = PBXGroup;
			children = (
				87BB3A422B63CA9C0094B8E5 /* Preview Assets.xcassets */,
			);
			path = "Preview Content";
			sourceTree = "<group>";
		};
		87DD24EA2B673D40003CE06C /* Views */ = {
			isa = PBXGroup;
			children = (
				87919D4E2B687D2000D697E7 /* PageView */,
				87DD251C2B67974D003CE06C /* Profiles */,
				87DD25132B6789D7003CE06C /* Categories */,
				87DD250A2B678154003CE06C /* Hikes */,
				87DD25032B677DDF003CE06C /* Badges */,
				87DD24F52B676C7E003CE06C /* Landmarks */,
			);
			path = Views;
			sourceTree = "<group>";
		};
		87DD24EB2B673DA1003CE06C /* Model */ = {
			isa = PBXGroup;
			children = (
				87DD25062B677F44003CE06C /* Hike.swift */,
				87DD24E82B673B12003CE06C /* ModelData.swift */,
				87DD24E62B673927003CE06C /* Landmark.swift */,
				87DD251A2B679713003CE06C /* Profile.swift */,
			);
			path = Model;
			sourceTree = "<group>";
		};
		87DD24EC2B673DE4003CE06C /* Resources */ = {
			isa = PBXGroup;
			children = (
				87DD25042B677F1F003CE06C /* hikeData.json */,
				87DD24E42B6738E0003CE06C /* landmarkData.json */,
			);
			path = Resources;
			sourceTree = "<group>";
		};
		87DD24F52B676C7E003CE06C /* Landmarks */ = {
			isa = PBXGroup;
			children = (
				87DD24EF2B6743F8003CE06C /* LandmarkList.swift */,
				87DD24F12B6745D9003CE06C /* LandmarkDetail.swift */,
				87DD24F62B676E53003CE06C /* LandmarkRow.swift */,
			);
			path = Landmarks;
			sourceTree = "<group>";
		};
		87DD24F82B676E95003CE06C /* Helper */ = {
			isa = PBXGroup;
			children = (
				87DD24E02B672E49003CE06C /* CircleImage.swift */,
				87DD24E22B672FDD003CE06C /* MapView.swift */,
				87DD24F32B676BCE003CE06C /* FavoriteButton.swift */,
			);
			path = Helper;
			sourceTree = "<group>";
		};
		87DD25032B677DDF003CE06C /* Badges */ = {
			isa = PBXGroup;
			children = (
				87DD25012B677C70003CE06C /* Badge.swift */,
				87DD24FB2B6778D4003CE06C /* BadgeBackground.swift */,
				87DD24FD2B677B2F003CE06C /* BadgeSymbol.swift */,
				87DD24FF2B677C34003CE06C /* RotatedBadgeSymbol.swift */,
				87DD24F92B6777EC003CE06C /* HexagonParameters.swift */,
			);
			path = Badges;
			sourceTree = "<group>";
		};
		87DD250A2B678154003CE06C /* Hikes */ = {
			isa = PBXGroup;
			children = (
				87DD250B2B678154003CE06C /* GraphCapsule.swift */,
				87DD250C2B678154003CE06C /* HikeGraph.swift */,
				87DD250D2B678154003CE06C /* HikeDetail.swift */,
				87DD250E2B678154003CE06C /* HikeView.swift */,
				87DD25212B679919003CE06C /* HikleBadge.swift */,
			);
			path = Hikes;
			sourceTree = "<group>";
		};
		87DD25132B6789D7003CE06C /* Categories */ = {
			isa = PBXGroup;
			children = (
				87DD25142B678A0C003CE06C /* CategoryHome.swift */,
				87DD25162B678BB7003CE06C /* CategoryRow.swift */,
				87DD25182B678E31003CE06C /* CategoryItem.swift */,
			);
			path = Categories;
			sourceTree = "<group>";
		};
		87DD251C2B67974D003CE06C /* Profiles */ = {
			isa = PBXGroup;
			children = (
				87DD251D2B67977C003CE06C /* ProfileHost.swift */,
				87DD251F2B6797D7003CE06C /* ProfileSummary.swift */,
				87DD25232B679D4D003CE06C /* ProfileEditor.swift */,
			);
			path = Profiles;
			sourceTree = "<group>";
		};
/* End PBXGroup section */

/* Begin PBXNativeTarget section */
		87BB3A372B63CA9B0094B8E5 /* Study4SwiftUI */ = {
			isa = PBXNativeTarget;
			buildConfigurationList = 87BB3A462B63CA9C0094B8E5 /* Build configuration list for PBXNativeTarget "Study4SwiftUI" */;
			buildPhases = (
				87BB3A342B63CA9B0094B8E5 /* Sources */,
				87BB3A352B63CA9B0094B8E5 /* Frameworks */,
				87BB3A362B63CA9B0094B8E5 /* Resources */,
			);
			buildRules = (
			);
			dependencies = (
			);
			name = Study4SwiftUI;
			productName = Study4SwiftUI;
			productReference = 87BB3A382B63CA9B0094B8E5 /* Study4SwiftUI.app */;
			productType = "com.apple.product-type.application";
		};
/* End PBXNativeTarget section */

/* Begin PBXProject section */
		87BB3A302B63CA9B0094B8E5 /* Project object */ = {
			isa = PBXProject;
			attributes = {
				BuildIndependentTargetsInParallel = 1;
				LastSwiftUpdateCheck = 1520;
				LastUpgradeCheck = 1520;
				TargetAttributes = {
					87BB3A372B63CA9B0094B8E5 = {
						CreatedOnToolsVersion = 15.2;
					};
				};
			};
			buildConfigurationList = 87BB3A332B63CA9B0094B8E5 /* Build configuration list for PBXProject "Study4SwiftUI" */;
			compatibilityVersion = "Xcode 14.0";
			developmentRegion = en;
			hasScannedForEncodings = 0;
			knownRegions = (
				en,
				Base,
			);
			mainGroup = 87BB3A2F2B63CA9B0094B8E5;
			productRefGroup = 87BB3A392B63CA9B0094B8E5 /* Products */;
			projectDirPath = "";
			projectRoot = "";
			targets = (
				87BB3A372B63CA9B0094B8E5 /* Study4SwiftUI */,
			);
		};
/* End PBXProject section */

/* Begin PBXResourcesBuildPhase section */
		87BB3A362B63CA9B0094B8E5 /* Resources */ = {
			isa = PBXResourcesBuildPhase;
			buildActionMask = 2147483647;
			files = (
				87DD25052B677F1F003CE06C /* hikeData.json in Resources */,
				87BB3A432B63CA9C0094B8E5 /* Preview Assets.xcassets in Resources */,
				87BB3A402B63CA9C0094B8E5 /* Assets.xcassets in Resources */,
				87DD24E52B6738E0003CE06C /* landmarkData.json in Resources */,
			);
			runOnlyForDeploymentPostprocessing = 0;
		};
/* End PBXResourcesBuildPhase section */

/* Begin PBXSourcesBuildPhase section */
		87BB3A342B63CA9B0094B8E5 /* Sources */ = {
			isa = PBXSourcesBuildPhase;
			buildActionMask = 2147483647;
			files = (
				87DD25172B678BB7003CE06C /* CategoryRow.swift in Sources */,
				87DD251B2B679713003CE06C /* Profile.swift in Sources */,
				87BB3A3E2B63CA9B0094B8E5 /* ContentView.swift in Sources */,
				87DD25152B678A0C003CE06C /* CategoryHome.swift in Sources */,
				87DD25102B678154003CE06C /* HikeGraph.swift in Sources */,
				87DD25022B677C70003CE06C /* Badge.swift in Sources */,
				87DD24E32B672FDD003CE06C /* MapView.swift in Sources */,
				87DD250F2B678154003CE06C /* GraphCapsule.swift in Sources */,
				87BB3A3C2B63CA9B0094B8E5 /* Study4SwiftUIApp.swift in Sources */,
				87DD24F42B676BCE003CE06C /* FavoriteButton.swift in Sources */,
				87919D562B6886D800D697E7 /* PageControl.swift in Sources */,
				87DD25192B678E31003CE06C /* CategoryItem.swift in Sources */,
				87DD25112B678154003CE06C /* HikeDetail.swift in Sources */,
				87DD25202B6797D7003CE06C /* ProfileSummary.swift in Sources */,
				87DD24FA2B6777EC003CE06C /* HexagonParameters.swift in Sources */,
				87DD251E2B67977C003CE06C /* ProfileHost.swift in Sources */,
				87DD25072B677F44003CE06C /* Hike.swift in Sources */,
				87DD25002B677C34003CE06C /* RotatedBadgeSymbol.swift in Sources */,
				87DD24FE2B677B2F003CE06C /* BadgeSymbol.swift in Sources */,
				87919D542B68816B00D697E7 /* PageView.swift in Sources */,
				87DD25242B679D4D003CE06C /* ProfileEditor.swift in Sources */,
				87DD24F02B6743F8003CE06C /* LandmarkList.swift in Sources */,
				87919D522B68804E00D697E7 /* FeatureCard.swift in Sources */,
				87DD25122B678154003CE06C /* HikeView.swift in Sources */,
				87DD24F22B6745D9003CE06C /* LandmarkDetail.swift in Sources */,
				87919D502B687D5100D697E7 /* PageViewController.swift in Sources */,
				87DD24FC2B6778D4003CE06C /* BadgeBackground.swift in Sources */,
				87DD24E12B672E49003CE06C /* CircleImage.swift in Sources */,
				87DD25222B679919003CE06C /* HikleBadge.swift in Sources */,
				87DD24E72B673927003CE06C /* Landmark.swift in Sources */,
				87DD24F72B676E53003CE06C /* LandmarkRow.swift in Sources */,
				87DD24E92B673B12003CE06C /* ModelData.swift in Sources */,
			);
			runOnlyForDeploymentPostprocessing = 0;
		};
/* End PBXSourcesBuildPhase section */

/* Begin XCBuildConfiguration section */
		87BB3A442B63CA9C0094B8E5 /* Debug */ = {
			isa = XCBuildConfiguration;
			buildSettings = {
				ALWAYS_SEARCH_USER_PATHS = NO;
				ASSETCATALOG_COMPILER_GENERATE_SWIFT_ASSET_SYMBOL_EXTENSIONS = YES;
				CLANG_ANALYZER_NONNULL = YES;
				CLANG_ANALYZER_NUMBER_OBJECT_CONVERSION = YES_AGGRESSIVE;
				CLANG_CXX_LANGUAGE_STANDARD = "gnu++20";
				CLANG_ENABLE_MODULES = YES;
				CLANG_ENABLE_OBJC_ARC = YES;
				CLANG_ENABLE_OBJC_WEAK = YES;
				CLANG_WARN_BLOCK_CAPTURE_AUTORELEASING = YES;
				CLANG_WARN_BOOL_CONVERSION = YES;
				CLANG_WARN_COMMA = YES;
				CLANG_WARN_CONSTANT_CONVERSION = YES;
				CLANG_WARN_DEPRECATED_OBJC_IMPLEMENTATIONS = YES;
				CLANG_WARN_DIRECT_OBJC_ISA_USAGE = YES_ERROR;
				CLANG_WARN_DOCUMENTATION_COMMENTS = YES;
				CLANG_WARN_EMPTY_BODY = YES;
				CLANG_WARN_ENUM_CONVERSION = YES;
				CLANG_WARN_INFINITE_RECURSION = YES;
				CLANG_WARN_INT_CONVERSION = YES;
				CLANG_WARN_NON_LITERAL_NULL_CONVERSION = YES;
				CLANG_WARN_OBJC_IMPLICIT_RETAIN_SELF = YES;
				CLANG_WARN_OBJC_LITERAL_CONVERSION = YES;
				CLANG_WARN_OBJC_ROOT_CLASS = YES_ERROR;
				CLANG_WARN_QUOTED_INCLUDE_IN_FRAMEWORK_HEADER = YES;
				CLANG_WARN_RANGE_LOOP_ANALYSIS = YES;
				CLANG_WARN_STRICT_PROTOTYPES = YES;
				CLANG_WARN_SUSPICIOUS_MOVE = YES;
				CLANG_WARN_UNGUARDED_AVAILABILITY = YES_AGGRESSIVE;
				CLANG_WARN_UNREACHABLE_CODE = YES;
				CLANG_WARN__DUPLICATE_METHOD_MATCH = YES;
				COPY_PHASE_STRIP = NO;
				DEBUG_INFORMATION_FORMAT = dwarf;
				ENABLE_STRICT_OBJC_MSGSEND = YES;
				ENABLE_TESTABILITY = YES;
				ENABLE_USER_SCRIPT_SANDBOXING = YES;
				GCC_C_LANGUAGE_STANDARD = gnu17;
				GCC_DYNAMIC_NO_PIC = NO;
				GCC_NO_COMMON_BLOCKS = YES;
				GCC_OPTIMIZATION_LEVEL = 0;
				GCC_PREPROCESSOR_DEFINITIONS = (
					"DEBUG=1",
					"$(inherited)",
				);
				GCC_WARN_64_TO_32_BIT_CONVERSION = YES;
				GCC_WARN_ABOUT_RETURN_TYPE = YES_ERROR;
				GCC_WARN_UNDECLARED_SELECTOR = YES;
				GCC_WARN_UNINITIALIZED_AUTOS = YES_AGGRESSIVE;
				GCC_WARN_UNUSED_FUNCTION = YES;
				GCC_WARN_UNUSED_VARIABLE = YES;
				IPHONEOS_DEPLOYMENT_TARGET = 17.2;
				LOCALIZATION_PREFERS_STRING_CATALOGS = YES;
				MTL_ENABLE_DEBUG_INFO = INCLUDE_SOURCE;
				MTL_FAST_MATH = YES;
				ONLY_ACTIVE_ARCH = YES;
				SDKROOT = iphoneos;
				SWIFT_ACTIVE_COMPILATION_CONDITIONS = "DEBUG $(inherited)";
				SWIFT_OPTIMIZATION_LEVEL = "-Onone";
			};
			name = Debug;
		};
		87BB3A452B63CA9C0094B8E5 /* Release */ = {
			isa = XCBuildConfiguration;
			buildSettings = {
				ALWAYS_SEARCH_USER_PATHS = NO;
				ASSETCATALOG_COMPILER_GENERATE_SWIFT_ASSET_SYMBOL_EXTENSIONS = YES;
				CLANG_ANALYZER_NONNULL = YES;
				CLANG_ANALYZER_NUMBER_OBJECT_CONVERSION = YES_AGGRESSIVE;
				CLANG_CXX_LANGUAGE_STANDARD = "gnu++20";
				CLANG_ENABLE_MODULES = YES;
				CLANG_ENABLE_OBJC_ARC = YES;
				CLANG_ENABLE_OBJC_WEAK = YES;
				CLANG_WARN_BLOCK_CAPTURE_AUTORELEASING = YES;
				CLANG_WARN_BOOL_CONVERSION = YES;
				CLANG_WARN_COMMA = YES;
				CLANG_WARN_CONSTANT_CONVERSION = YES;
				CLANG_WARN_DEPRECATED_OBJC_IMPLEMENTATIONS = YES;
				CLANG_WARN_DIRECT_OBJC_ISA_USAGE = YES_ERROR;
				CLANG_WARN_DOCUMENTATION_COMMENTS = YES;
				CLANG_WARN_EMPTY_BODY = YES;
				CLANG_WARN_ENUM_CONVERSION = YES;
				CLANG_WARN_INFINITE_RECURSION = YES;
				CLANG_WARN_INT_CONVERSION = YES;
				CLANG_WARN_NON_LITERAL_NULL_CONVERSION = YES;
				CLANG_WARN_OBJC_IMPLICIT_RETAIN_SELF = YES;
				CLANG_WARN_OBJC_LITERAL_CONVERSION = YES;
				CLANG_WARN_OBJC_ROOT_CLASS = YES_ERROR;
				CLANG_WARN_QUOTED_INCLUDE_IN_FRAMEWORK_HEADER = YES;
				CLANG_WARN_RANGE_LOOP_ANALYSIS = YES;
				CLANG_WARN_STRICT_PROTOTYPES = YES;
				CLANG_WARN_SUSPICIOUS_MOVE = YES;
				CLANG_WARN_UNGUARDED_AVAILABILITY = YES_AGGRESSIVE;
				CLANG_WARN_UNREACHABLE_CODE = YES;
				CLANG_WARN__DUPLICATE_METHOD_MATCH = YES;
				COPY_PHASE_STRIP = NO;
				DEBUG_INFORMATION_FORMAT = "dwarf-with-dsym";
				ENABLE_NS_ASSERTIONS = NO;
				ENABLE_STRICT_OBJC_MSGSEND = YES;
				ENABLE_USER_SCRIPT_SANDBOXING = YES;
				GCC_C_LANGUAGE_STANDARD = gnu17;
				GCC_NO_COMMON_BLOCKS = YES;
				GCC_WARN_64_TO_32_BIT_CONVERSION = YES;
				GCC_WARN_ABOUT_RETURN_TYPE = YES_ERROR;
				GCC_WARN_UNDECLARED_SELECTOR = YES;
				GCC_WARN_UNINITIALIZED_AUTOS = YES_AGGRESSIVE;
				GCC_WARN_UNUSED_FUNCTION = YES;
				GCC_WARN_UNUSED_VARIABLE = YES;
				IPHONEOS_DEPLOYMENT_TARGET = 17.2;
				LOCALIZATION_PREFERS_STRING_CATALOGS = YES;
				MTL_ENABLE_DEBUG_INFO = NO;
				MTL_FAST_MATH = YES;
				SDKROOT = iphoneos;
				SWIFT_COMPILATION_MODE = wholemodule;
				VALIDATE_PRODUCT = YES;
			};
			name = Release;
		};
		87BB3A472B63CA9C0094B8E5 /* Debug */ = {
			isa = XCBuildConfiguration;
			buildSettings = {
				ASSETCATALOG_COMPILER_APPICON_NAME = AppIcon;
				ASSETCATALOG_COMPILER_GLOBAL_ACCENT_COLOR_NAME = AccentColor;
				CODE_SIGN_STYLE = Automatic;
				CURRENT_PROJECT_VERSION = 1;
				DEVELOPMENT_ASSET_PATHS = "\"Study4SwiftUI/Preview Content\"";
				DEVELOPMENT_TEAM = 5CSACX7M4Q;
				ENABLE_PREVIEWS = YES;
				GENERATE_INFOPLIST_FILE = YES;
				INFOPLIST_KEY_UIApplicationSceneManifest_Generation = YES;
				INFOPLIST_KEY_UIApplicationSupportsIndirectInputEvents = YES;
				INFOPLIST_KEY_UILaunchScreen_Generation = YES;
				INFOPLIST_KEY_UISupportedInterfaceOrientations_iPad = "UIInterfaceOrientationPortrait UIInterfaceOrientationPortraitUpsideDown UIInterfaceOrientationLandscapeLeft UIInterfaceOrientationLandscapeRight";
				INFOPLIST_KEY_UISupportedInterfaceOrientations_iPhone = "UIInterfaceOrientationPortrait UIInterfaceOrientationLandscapeLeft UIInterfaceOrientationLandscapeRight";
				LD_RUNPATH_SEARCH_PATHS = (
					"$(inherited)",
					"@executable_path/Frameworks",
				);
				MARKETING_VERSION = 1.0;
				PRODUCT_BUNDLE_IDENTIFIER = com.ziotreks.Study4SwiftUI;
				PRODUCT_NAME = "$(TARGET_NAME)";
				SWIFT_EMIT_LOC_STRINGS = YES;
				SWIFT_VERSION = 5.0;
				TARGETED_DEVICE_FAMILY = "1,2";
			};
			name = Debug;
		};
		87BB3A482B63CA9C0094B8E5 /* Release */ = {
			isa = XCBuildConfiguration;
			buildSettings = {
				ASSETCATALOG_COMPILER_APPICON_NAME = AppIcon;
				ASSETCATALOG_COMPILER_GLOBAL_ACCENT_COLOR_NAME = AccentColor;
				CODE_SIGN_STYLE = Automatic;
				CURRENT_PROJECT_VERSION = 1;
				DEVELOPMENT_ASSET_PATHS = "\"Study4SwiftUI/Preview Content\"";
				DEVELOPMENT_TEAM = 5CSACX7M4Q;
				ENABLE_PREVIEWS = YES;
				GENERATE_INFOPLIST_FILE = YES;
				INFOPLIST_KEY_UIApplicationSceneManifest_Generation = YES;
				INFOPLIST_KEY_UIApplicationSupportsIndirectInputEvents = YES;
				INFOPLIST_KEY_UILaunchScreen_Generation = YES;
				INFOPLIST_KEY_UISupportedInterfaceOrientations_iPad = "UIInterfaceOrientationPortrait UIInterfaceOrientationPortraitUpsideDown UIInterfaceOrientationLandscapeLeft UIInterfaceOrientationLandscapeRight";
				INFOPLIST_KEY_UISupportedInterfaceOrientations_iPhone = "UIInterfaceOrientationPortrait UIInterfaceOrientationLandscapeLeft UIInterfaceOrientationLandscapeRight";
				LD_RUNPATH_SEARCH_PATHS = (
					"$(inherited)",
					"@executable_path/Frameworks",
				);
				MARKETING_VERSION = 1.0;
				PRODUCT_BUNDLE_IDENTIFIER = com.ziotreks.Study4SwiftUI;
				PRODUCT_NAME = "$(TARGET_NAME)";
				SWIFT_EMIT_LOC_STRINGS = YES;
				SWIFT_VERSION = 5.0;
				TARGETED_DEVICE_FAMILY = "1,2";
			};
			name = Release;
		};
/* End XCBuildConfiguration section */

/* Begin XCConfigurationList section */
		87BB3A332B63CA9B0094B8E5 /* Build configuration list for PBXProject "Study4SwiftUI" */ = {
			isa = XCConfigurationList;
			buildConfigurations = (
				87BB3A442B63CA9C0094B8E5 /* Debug */,
				87BB3A452B63CA9C0094B8E5 /* Release */,
			);
			defaultConfigurationIsVisible = 0;
			defaultConfigurationName = Release;
		};
		87BB3A462B63CA9C0094B8E5 /* Build configuration list for PBXNativeTarget "Study4SwiftUI" */ = {
			isa = XCConfigurationList;
			buildConfigurations = (
				87BB3A472B63CA9C0094B8E5 /* Debug */,
				87BB3A482B63CA9C0094B8E5 /* Release */,
			);
			defaultConfigurationIsVisible = 0;
			defaultConfigurationName = Release;
		};
/* End XCConfigurationList section */
	};
	rootObject = 87BB3A302B63CA9B0094B8E5 /* Project object */;
}
